
Microsoft Visual Studio Solution File, Format Version 12.00
# Visual Studio Version 17
VisualStudioVersion = 17.14.36915.13 d17.14
MinimumVisualStudioVersion = 10.0.40219.1
Project("{FAE04EC0-301F-11D3-BF4B-00C04F79EFBC}") = "Challenge.Front", "Challenge.Front\Challenge.Front.csproj", "{603578FA-FC4A-403E-89D4-EB5EFB99C88B}"
EndProject
Global
	GlobalSection(SolutionConfigurationPlatforms) = preSolution
		Debug|Any CPU = Debug|Any CPU
		Release|Any CPU = Release|Any CPU
	EndGlobalSection
	GlobalSection(ProjectConfigurationPlatforms) = postSolution
		{603578FA-FC4A-403E-89D4-EB5EFB99C88B}.Debug|Any CPU.ActiveCfg = Debug|Any CPU
		{603578FA-FC4A-403E-89D4-EB5EFB99C88B}.Debug|Any CPU.Build.0 = Debug|Any CPU
		{603578FA-FC4A-403E-89D4-EB5EFB99C88B}.Release|Any CPU.ActiveCfg = Release|Any CPU
		{603578FA-FC4A-403E-89D4-EB5EFB99C88B}.Release|Any CPU.Build.0 = Release|Any CPU
	EndGlobalSection
	GlobalSection(SolutionProperties) = preSolution
		HideSolutionNode = FALSE
	EndGlobalSection
	GlobalSection(ExtensibilityGlobals) = postSolution
		SolutionGuid = {E40EBA2C-BB98-48A2-AB6E-3097A89EC6B7}
	EndGlobalSection
EndGlobal
